Microsoft Visual Studio Solution File, Format Version 12.00
# Visual Studio Version 17
VisualStudioVersion = 17.5.2.0
MinimumVisualStudioVersion = 10.0.40219.1
Project("{FAE04EC0-301F-11D3-BF4B-00C04F79EFBC}") = "GameVault.Api", "GameVault.Api.csproj", "{40DA409C-1AAB-9D74-461B-A8DFD55D82FC}"
EndProject
Global
	GlobalSection(SolutionConfigurationPlatforms) = preSolution
		Debug|Any CPU = Debug|Any CPU
		Release|Any CPU = Release|Any CPU
	EndGlobalSection
	GlobalSection(ProjectConfigurationPlatforms) = postSolution
		{40DA409C-1AAB-9D74-461B-A8DFD55D82FC}.Debug|Any CPU.ActiveCfg = Debug|Any CPU
		{40DA409C-1AAB-9D74-461B-A8DFD55D82FC}.Debug|Any CPU.Build.0 = Debug|Any CPU
		{40DA409C-1AAB-9D74-461B-A8DFD55D82FC}.Release|Any CPU.ActiveCfg = Release|Any CPU
		{40DA409C-1AAB-9D74-461B-A8DFD55D82FC}.Release|Any CPU.Build.0 = Release|Any CPU
	EndGlobalSection
	GlobalSection(SolutionProperties) = preSolution
		HideSolutionNode = FALSE
	EndGlobalSection
	GlobalSection(ExtensibilityGlobals) = postSolution
		SolutionGuid = {D5D6F536-15FF-4201-919C-DFB69199D92E}
	EndGlobalSection
EndGlobal
